
Microsoft Visual Studio Solution File, Format Version 12.00
# Visual Studio Version 16
VisualStudioVersion = 16.0.31911.196
MinimumVisualStudioVersion = 10.0.40219.1
Project("{FAE04EC0-301F-11D3-BF4B-00C04F79EFBC}") = "TurismoReal", "TurismoReal\TurismoReal.csproj", "{F12A7716-A4B6-4DFF-B7CD-8F274511984E}"
EndProject
Project("{FAE04EC0-301F-11D3-BF4B-00C04F79EFBC}") = "TurismoReal.DALC", "TurismoReal.DALC\TurismoReal.DALC.csproj", "{7308FE81-491E-4D45-80F3-555A81DBA53D}"
EndProject
Project("{FAE04EC0-301F-11D3-BF4B-00C04F79EFBC}") = "TurismoReal.Negocio", "TurismoReal.Negocio\TurismoReal.Negocio.csproj", "{7B033880-C7D4-4232-A431-3E5DED93F5A5}"
EndProject
Global
	GlobalSection(SolutionConfigurationPlatforms) = preSolution
		Debug|Any CPU = Debug|Any CPU
		Release|Any CPU = Release|Any CPU
	EndGlobalSection
	GlobalSection(ProjectConfigurationPlatforms) = postSolution
		{F12A7716-A4B6-4DFF-B7CD-8F274511984E}.Debug|Any CPU.ActiveCfg = Debug|Any CPU
		{F12A7716-A4B6-4DFF-B7CD-8F274511984E}.Debug|Any CPU.Build.0 = Debug|Any CPU
		{F12A7716-A4B6-4DFF-B7CD-8F274511984E}.Release|Any CPU.ActiveCfg = Release|Any CPU
		{F12A7716-A4B6-4DFF-B7CD-8F274511984E}.Release|Any CPU.Build.0 = Release|Any CPU
		{7308FE81-491E-4D45-80F3-555A81DBA53D}.Debug|Any CPU.ActiveCfg = Debug|Any CPU
		{7308FE81-491E-4D45-80F3-555A81DBA53D}.Debug|Any CPU.Build.0 = Debug|Any CPU
		{7308FE81-491E-4D45-80F3-555A81DBA53D}.Release|Any CPU.ActiveCfg = Release|Any CPU
		{7308FE81-491E-4D45-80F3-555A81DBA53D}.Release|Any CPU.Build.0 = Release|Any CPU
		{7B033880-C7D4-4232-A431-3E5DED93F5A5}.Debug|Any CPU.ActiveCfg = Debug|Any CPU
		{7B033880-C7D4-4232-A431-3E5DED93F5A5}.Debug|Any CPU.Build.0 = Debug|Any CPU
		{7B033880-C7D4-4232-A431-3E5DED93F5A5}.Release|Any CPU.ActiveCfg = Release|Any CPU
		{7B033880-C7D4-4232-A431-3E5DED93F5A5}.Release|Any CPU.Build.0 = Release|Any CPU
	EndGlobalSection
	GlobalSection(SolutionProperties) = preSolution
		HideSolutionNode = FALSE
	EndGlobalSection
	GlobalSection(ExtensibilityGlobals) = postSolution
		SolutionGuid = {149E7DD7-40E3-4627-B271-53688A944D6C}
	EndGlobalSection
EndGlobal
